
Microsoft Visual Studio Solution File, Format Version 12.00
# Visual Studio Version 17
VisualStudioVersion = 17.2.32602.215
MinimumVisualStudioVersion = 10.0.40219.1
Project("{FAE04EC0-301F-11D3-BF4B-00C04F79EFBC}") = "IMG_CVT", "IMG_CVT\IMG_CVT.csproj", "{4EF4FBD8-7175-452A-8FDC-F5BCA006AB4D}"
EndProject
Global
	GlobalSection(SolutionConfigurationPlatforms) = preSolution
		Debug|Any CPU = Debug|Any CPU
		Release|Any CPU = Release|Any CPU
	EndGlobalSection
	GlobalSection(ProjectConfigurationPlatforms) = postSolution
		{4EF4FBD8-7175-452A-8FDC-F5BCA006AB4D}.Debug|Any CPU.ActiveCfg = Debug|Any CPU
		{4EF4FBD8-7175-452A-8FDC-F5BCA006AB4D}.Debug|Any CPU.Build.0 = Debug|Any CPU
		{4EF4FBD8-7175-452A-8FDC-F5BCA006AB4D}.Release|Any CPU.ActiveCfg = Release|Any CPU
		{4EF4FBD8-7175-452A-8FDC-F5BCA006AB4D}.Release|Any CPU.Build.0 = Release|Any CPU
	EndGlobalSection
	GlobalSection(SolutionProperties) = preSolution
		HideSolutionNode = FALSE
	EndGlobalSection
	GlobalSection(ExtensibilityGlobals) = postSolution
		SolutionGuid = {01453ECB-79FA-4A99-A5C4-30D417E06527}
	EndGlobalSection
EndGlobal
